github.com/seccomp/libseccomp-golang v0.11.0 h1:SDkcBRqGLP+sezmMACkxO1EfgbghxIxnRKfd6mHUEis=
github.com/seccomp/libseccomp-golang v0.11.0/go.mod h1:5m1Lk8E9OwgZTTVz4bBOer7JuazaBa+xTkM895tDiWc=
golang.org/x/sys v0.33.0 h1:q3i8TbbEz+JRD9ywIRlyRAQbM0qF7hu24q3teo2hbuw=
golang.org/x/sys v0.33.0/go.mod h1:BJP2sWEmIv4KK5OTEluFJCKSidICx8ciO85XgH3Ak8k=
