github.com/seccomp/libseccomp-golang v0.10.0 h1:aA4bp+/Zzi0BnWZ2F1wgNBs5gTpm+na2rWM6M9YjLpY=
github.com/seccomp/libseccomp-golang v0.10.0/go.mod h1:JA8cRccbGaA1s33RQf7Y1+q9gHmZX1yB/z9WDN1C6fg=
golang.org/x/sys v0.31.0 h1:ioabZlmFYtWhL+TRYpcnNlLwhyxaM9kWTDEmfnprqik=
golang.org/x/sys v0.31.0/go.mod h1:BJP2sWEmIv4KK5OTEluFJCKSidICx8ciO85XgH3Ak8k=
